
Microsoft Visual Studio Solution File, Format Version 12.00
# Visual Studio 15
VisualStudioVersion = 15.0.28307.852
MinimumVisualStudioVersion = 10.0.40219.1
Project("{FAE04EC0-301F-11D3-BF4B-00C04F79EFBC}") = "Scriptex.Employee.Task.API", "Scriptex.Employee.Task.API\Scriptex.Employee.Task.API.csproj", "{9D4EEC89-0913-44DE-A356-62B4D1AD20D7}"
EndProject
Global
	GlobalSection(SolutionConfigurationPlatforms) = preSolution
		Debug|Any CPU = Debug|Any CPU
		Release|Any CPU = Release|Any CPU
	EndGlobalSection
	GlobalSection(ProjectConfigurationPlatforms) = postSolution
		{9D4EEC89-0913-44DE-A356-62B4D1AD20D7}.Debug|Any CPU.ActiveCfg = Debug|Any CPU
		{9D4EEC89-0913-44DE-A356-62B4D1AD20D7}.Debug|Any CPU.Build.0 = Debug|Any CPU
		{9D4EEC89-0913-44DE-A356-62B4D1AD20D7}.Release|Any CPU.ActiveCfg = Release|Any CPU
		{9D4EEC89-0913-44DE-A356-62B4D1AD20D7}.Release|Any CPU.Build.0 = Release|Any CPU
	EndGlobalSection
	GlobalSection(SolutionProperties) = preSolution
		HideSolutionNode = FALSE
	EndGlobalSection
	GlobalSection(ExtensibilityGlobals) = postSolution
		SolutionGuid = {12AB2CD1-30A1-4C1C-97A4-C2A8B4F4AA4E}
	EndGlobalSection
EndGlobal
